Microsoft Visual Studio Solution File, Format Version 12.00
# Visual Studio 2013
VisualStudioVersion = 12.0.30723.0
MinimumVisualStudioVersion = 10.0.40219.1
Project("{FAE04EC0-301F-11D3-BF4B-00C04F79EFBC}") = "CLRSharp", "CLRSharp\CLRSharp.csproj", "{80DEA7F3-C84F-4603-8080-0BA3647588A0}"
EndProject
Project("{FAE04EC0-301F-11D3-BF4B-00C04F79EFBC}") = "UnitTestDll", "UnitTestDll\UnitTestDll.csproj", "{7AF5C656-5C65-4BCD-82DB-B9D030132D77}"
EndProject
Project("{FAE04EC0-301F-11D3-BF4B-00C04F79EFBC}") = "UnitTest", "UnitTest\UnitTest.csproj", "{F9E7BF49-0203-4E18-B9D9-9EFFD39F3383}"
EndProject
Project("{2150E333-8FDC-42A3-9474-1A3956D46DE8}") = "Unit.Test", "Unit.Test", "{9041CA93-2EB4-48DA-A81A-1B9CD54CF5C4}"
EndProject
Project("{2150E333-8FDC-42A3-9474-1A3956D46DE8}") = "Lib", "Lib", "{20FB6164-D730-4B85-B05A-75A4CC346525}"
EndProject
Project("{2150E333-8FDC-42A3-9474-1A3956D46DE8}") = "Test", "Test", "{94EF76E5-BFE0-48A9-B037-61F1A7EA2092}"
EndProject
Project("{FAE04EC0-301F-11D3-BF4B-00C04F79EFBC}") = "testdll01", "test\testdll01\testdll01.csproj", "{71ED97F9-218B-4C59-B6CC-E7F2659E00B9}"
EndProject
Project("{FAE04EC0-301F-11D3-BF4B-00C04F79EFBC}") = "test01", "test\test01\test01.csproj", "{2D20B422-6BB5-4703-A57C-03800515C904}"
EndProject
Project("{FAE04EC0-301F-11D3-BF4B-00C04F79EFBC}") = "Mono.Cecil.20", "Mono.Cecil.20\Mono.Cecil.20.csproj", "{D3785D8B-4D85-4546-8763-47FC848C13E0}"
EndProject
Project("{FAE04EC0-301F-11D3-BF4B-00C04F79EFBC}") = "Mono.Cecil.Pdb", "Mono.Cecil.Pdb\Mono.Cecil.Pdb.csproj", "{CEA7A85F-2523-4AD0-8296-6E8E0A2E6DF7}"
EndProject
Project("{FAE04EC0-301F-11D3-BF4B-00C04F79EFBC}") = "Mono.Cecil.Mdb", "Mono.Cecil.Mdb\Mono.Cecil.Mdb.csproj", "{86F36240-E07C-4840-9C8B-9CD94C03EC62}"
EndProject
Global
	GlobalSection(SolutionConfigurationPlatforms) = preSolution
		Debug|Any CPU = Debug|Any CPU
		Debug|ARM = Debug|ARM
		Debug|x64 = Debug|x64
		Debug|x86 = Debug|x86
		net_2_0_Debug|Any CPU = net_2_0_Debug|Any CPU
		net_2_0_Debug|ARM = net_2_0_Debug|ARM
		net_2_0_Debug|x64 = net_2_0_Debug|x64
		net_2_0_Debug|x86 = net_2_0_Debug|x86
		net_2_0_Release|Any CPU = net_2_0_Release|Any CPU
		net_2_0_Release|ARM = net_2_0_Release|ARM
		net_2_0_Release|x64 = net_2_0_Release|x64
		net_2_0_Release|x86 = net_2_0_Release|x86
		net_3_5_Debug|Any CPU = net_3_5_Debug|Any CPU
		net_3_5_Debug|ARM = net_3_5_Debug|ARM
		net_3_5_Debug|x64 = net_3_5_Debug|x64
		net_3_5_Debug|x86 = net_3_5_Debug|x86
		net_3_5_Release|Any CPU = net_3_5_Release|Any CPU
		net_3_5_Release|ARM = net_3_5_Release|ARM
		net_3_5_Release|x64 = net_3_5_Release|x64
		net_3_5_Release|x86 = net_3_5_Release|x86
		net_4_0_Debug|Any CPU = net_4_0_Debug|Any CPU
		net_4_0_Debug|ARM = net_4_0_Debug|ARM
		net_4_0_Debug|x64 = net_4_0_Debug|x64
		net_4_0_Debug|x86 = net_4_0_Debug|x86
		net_4_0_Release|Any CPU = net_4_0_Release|Any CPU
		net_4_0_Release|ARM = net_4_0_Release|ARM
		net_4_0_Release|x64 = net_4_0_Release|x64
		net_4_0_Release|x86 = net_4_0_Release|x86
		Release|Any CPU = Release|Any CPU
		Release|ARM = Release|ARM
		Release|x64 = Release|x64
		Release|x86 = Release|x86
		silverlight_Debug|Any CPU = silverlight_Debug|Any CPU
		silverlight_Debug|ARM = silverlight_Debug|ARM
		silverlight_Debug|x64 = silverlight_Debug|x64
		silverlight_Debug|x86 = silverlight_Debug|x86
		silverlight_Release|Any CPU = silverlight_Release|Any CPU
		silverlight_Release|ARM = silverlight_Release|ARM
		silverlight_Release|x64 = silverlight_Release|x64
		silverlight_Release|x86 = silverlight_Release|x86
		winphone_Debug|Any CPU = winphone_Debug|Any CPU
		winphone_Debug|ARM = winphone_Debug|ARM
		winphone_Debug|x64 = winphone_Debug|x64
		winphone_Debug|x86 = winphone_Debug|x86
		winphone_Release|Any CPU = winphone_Release|Any CPU
		winphone_Release|ARM = winphone_Release|ARM
		winphone_Release|x64 = winphone_Release|x64
		winphone_Release|x86 = winphone_Release|x86
	EndGlobalSection
	GlobalSection(ProjectConfigurationPlatforms) = postSolution
		{80DEA7F3-C84F-4603-8080-0BA3647588A0}.Debug|Any CPU.ActiveCfg = Debug|Any CPU
		{80DEA7F3-C84F-4603-8080-0BA3647588A0}.Debug|Any CPU.Build.0 = Debug|Any CPU
		{80DEA7F3-C84F-4603-8080-0BA3647588A0}.Debug|ARM.ActiveCfg = Debug|Any CPU
		{80DEA7F3-C84F-4603-8080-0BA3647588A0}.Debug|x64.ActiveCfg = Debug|Any CPU
		{80DEA7F3-C84F-4603-8080-0BA3647588A0}.Debug|x86.ActiveCfg = Debug|Any CPU
		{80DEA7F3-C84F-4603-8080-0BA3647588A0}.net_2_0_Debug|Any CPU.ActiveCfg = Debug|Any CPU
		{80DEA7F3-C84F-4603-8080-0BA3647588A0}.net_2_0_Debug|Any CPU.Build.0 = Debug|Any CPU
		{80DEA7F3-C84F-4603-8080-0BA3647588A0}.net_2_0_Debug|ARM.ActiveCfg = Debug|Any CPU
		{80DEA7F3-C84F-4603-8080-0BA3647588A0}.net_2_0_Debug|x64.ActiveCfg = Debug|Any CPU
		{80DEA7F3-C84F-4603-8080-0BA3647588A0}.net_2_0_Debug|x86.ActiveCfg = Debug|Any CPU
		{80DEA7F3-C84F-4603-8080-0BA3647588A0}.net_2_0_Release|Any CPU.ActiveCfg = Release|Any CPU
		{80DEA7F3-C84F-4603-8080-0BA3647588A0}.net_2_0_Release|Any CPU.Build.0 = Release|Any CPU
		{80DEA7F3-C84F-4603-8080-0BA3647588A0}.net_2_0_Release|ARM.ActiveCfg = Release|Any CPU
		{80DEA7F3-C84F-4603-8080-0BA3647588A0}.net_2_0_Release|x64.ActiveCfg = Release|Any CPU
		{80DEA7F3-C84F-4603-8080-0BA3647588A0}.net_2_0_Release|x86.ActiveCfg = Release|Any CPU
		{80DEA7F3-C84F-4603-8080-0BA3647588A0}.net_3_5_Debug|Any CPU.ActiveCfg = Debug|Any CPU
		{80DEA7F3-C84F-4603-8080-0BA3647588A0}.net_3_5_Debug|Any CPU.Build.0 = Debug|Any CPU
		{80DEA7F3-C84F-4603-8080-0BA3647588A0}.net_3_5_Debug|ARM.ActiveCfg = Debug|Any CPU
		{80DEA7F3-C84F-4603-8080-0BA3647588A0}.net_3_5_Debug|x64.ActiveCfg = Debug|Any CPU
		{80DEA7F3-C84F-4603-8080-0BA3647588A0}.net_3_5_Debug|x86.ActiveCfg = Debug|Any CPU
		{80DEA7F3-C84F-4603-8080-0BA3647588A0}.net_3_5_Release|Any CPU.ActiveCfg = Release|Any CPU
		{80DEA7F3-C84F-4603-8080-0BA3647588A0}.net_3_5_Release|Any CPU.Build.0 = Release|Any CPU
		{80DEA7F3-C84F-4603-8080-0BA3647588A0}.net_3_5_Release|ARM.ActiveCfg = Release|Any CPU
		{80DEA7F3-C84F-4603-8080-0BA3647588A0}.net_3_5_Release|x64.ActiveCfg = Release|Any CPU
		{80DEA7F3-C84F-4603-8080-0BA3647588A0}.net_3_5_Release|x86.ActiveCfg = Release|Any CPU
		{80DEA7F3-C84F-4603-8080-0BA3647588A0}.net_4_0_Debug|Any CPU.ActiveCfg = Debug|Any CPU
		{80DEA7F3-C84F-4603-8080-0BA3647588A0}.net_4_0_Debug|Any CPU.Build.0 = Debug|Any CPU
		{80DEA7F3-C84F-4603-8080-0BA3647588A0}.net_4_0_Debug|ARM.ActiveCfg = Debug|Any CPU
		{80DEA7F3-C84F-4603-8080-0BA3647588A0}.net_4_0_Debug|x64.ActiveCfg = Debug|Any CPU
		{80DEA7F3-C84F-4603-8080-0BA3647588A0}.net_4_0_Debug|x86.ActiveCfg = Debug|Any CPU
		{80DEA7F3-C84F-4603-8080-0BA3647588A0}.net_4_0_Release|Any CPU.ActiveCfg = Release|Any CPU
		{80DEA7F3-C84F-4603-8080-0BA3647588A0}.net_4_0_Release|Any CPU.Build.0 = Release|Any CPU
		{80DEA7F3-C84F-4603-8080-0BA3647588A0}.net_4_0_Release|ARM.ActiveCfg = Release|Any CPU
		{80DEA7F3-C84F-4603-8080-0BA3647588A0}.net_4_0_Release|x64.ActiveCfg = Release|Any CPU
		{80DEA7F3-C84F-4603-8080-0BA3647588A0}.net_4_0_Release|x86.ActiveCfg = Release|Any CPU
		{80DEA7F3-C84F-4603-8080-0BA3647588A0}.Release|Any CPU.ActiveCfg = Release|Any CPU
		{80DEA7F3-C84F-4603-8080-0BA3647588A0}.Release|Any CPU.Build.0 = Release|Any CPU
		{80DEA7F3-C84F-4603-8080-0BA3647588A0}.Release|ARM.ActiveCfg = Release|Any CPU
		{80DEA7F3-C84F-4603-8080-0BA3647588A0}.Release|x64.ActiveCfg = Release|Any CPU
		{80DEA7F3-C84F-4603-8080-0BA3647588A0}.Release|x86.ActiveCfg = Release|Any CPU
		{80DEA7F3-C84F-4603-8080-0BA3647588A0}.silverlight_Debug|Any CPU.ActiveCfg = Debug|Any CPU
		{80DEA7F3-C84F-4603-8080-0BA3647588A0}.silverlight_Debug|Any CPU.Build.0 = Debug|Any CPU
		{80DEA7F3-C84F-4603-8080-0BA3647588A0}.silverlight_Debug|ARM.ActiveCfg = Debug|Any CPU
		{80DEA7F3-C84F-4603-8080-0BA3647588A0}.silverlight_Debug|x64.ActiveCfg = Debug|Any CPU
		{80DEA7F3-C84F-4603-8080-0BA3647588A0}.silverlight_Debug|x86.ActiveCfg = Debug|Any CPU
		{80DEA7F3-C84F-4603-8080-0BA3647588A0}.silverlight_Release|Any CPU.ActiveCfg = Release|Any CPU
		{80DEA7F3-C84F-4603-8080-0BA3647588A0}.silverlight_Release|Any CPU.Build.0 = Release|Any CPU
		{80DEA7F3-C84F-4603-8080-0BA3647588A0}.silverlight_Release|ARM.ActiveCfg = Release|Any CPU
		{80DEA7F3-C84F-4603-8080-0BA3647588A0}.silverlight_Release|x64.ActiveCfg = Release|Any CPU
		{80DEA7F3-C84F-4603-8080-0BA3647588A0}.silverlight_Release|x86.ActiveCfg = Release|Any CPU
		{80DEA7F3-C84F-4603-8080-0BA3647588A0}.winphone_Debug|Any CPU.ActiveCfg = Debug|Any CPU
		{80DEA7F3-C84F-4603-8080-0BA3647588A0}.winphone_Debug|Any CPU.Build.0 = Debug|Any CPU
		{80DEA7F3-C84F-4603-8080-0BA3647588A0}.winphone_Debug|ARM.ActiveCfg = Debug|Any CPU
		{80DEA7F3-C84F-4603-8080-0BA3647588A0}.winphone_Debug|x64.ActiveCfg = Debug|Any CPU
		{80DEA7F3-C84F-4603-8080-0BA3647588A0}.winphone_Debug|x86.ActiveCfg = Debug|Any CPU
		{80DEA7F3-C84F-4603-8080-0BA3647588A0}.winphone_Release|Any CPU.ActiveCfg = Release|Any CPU
		{80DEA7F3-C84F-4603-8080-0BA3647588A0}.winphone_Release|Any CPU.Build.0 = Release|Any CPU
		{80DEA7F3-C84F-4603-8080-0BA3647588A0}.winphone_Release|ARM.ActiveCfg = Release|Any CPU
		{80DEA7F3-C84F-4603-8080-0BA3647588A0}.winphone_Release|x64.ActiveCfg = Release|Any CPU
		{80DEA7F3-C84F-4603-8080-0BA3647588A0}.winphone_Release|x86.ActiveCfg = Release|Any CPU
		{7AF5C656-5C65-4BCD-82DB-B9D030132D77}.Debug|Any CPU.ActiveCfg = Debug|Any CPU
		{7AF5C656-5C65-4BCD-82DB-B9D030132D77}.Debug|Any CPU.Build.0 = Debug|Any CPU
		{7AF5C656-5C65-4BCD-82DB-B9D030132D77}.Debug|ARM.ActiveCfg = Debug|Any CPU
		{7AF5C656-5C65-4BCD-82DB-B9D030132D77}.Debug|x64.ActiveCfg = Debug|Any CPU
		{7AF5C656-5C65-4BCD-82DB-B9D030132D77}.Debug|x86.ActiveCfg = Debug|Any CPU
		{7AF5C656-5C65-4BCD-82DB-B9D030132D77}.net_2_0_Debug|Any CPU.ActiveCfg = Debug|Any CPU
		{7AF5C656-5C65-4BCD-82DB-B9D030132D77}.net_2_0_Debug|Any CPU.Build.0 = Debug|Any CPU
		{7AF5C656-5C65-4BCD-82DB-B9D030132D77}.net_2_0_Debug|ARM.ActiveCfg = Debug|Any CPU
		{7AF5C656-5C65-4BCD-82DB-B9D030132D77}.net_2_0_Debug|x64.ActiveCfg = Debug|Any CPU
		{7AF5C656-5C65-4BCD-82DB-B9D030132D77}.net_2_0_Debug|x86.ActiveCfg = Debug|Any CPU
		{7AF5C656-5C65-4BCD-82DB-B9D030132D77}.net_2_0_Release|Any CPU.ActiveCfg = Release|Any CPU
		{7AF5C656-5C65-4BCD-82DB-B9D030132D77}.net_2_0_Release|Any CPU.Build.0 = Release|Any CPU
		{7AF5C656-5C65-4BCD-82DB-B9D030132D77}.net_2_0_Release|ARM.ActiveCfg = Release|Any CPU
		{7AF5C656-5C65-4BCD-82DB-B9D030132D77}.net_2_0_Release|x64.ActiveCfg = Release|Any CPU
		{7AF5C656-5C65-4BCD-82DB-B9D030132D77}.net_2_0_Release|x86.ActiveCfg = Release|Any CPU
		{7AF5C656-5C65-4BCD-82DB-B9D030132D77}.net_3_5_Debug|Any CPU.ActiveCfg = Debug|Any CPU
		{7AF5C656-5C65-4BCD-82DB-B9D030132D77}.net_3_5_Debug|Any CPU.Build.0 = Debug|Any CPU
		{7AF5C656-5C65-4BCD-82DB-B9D030132D77}.net_3_5_Debug|ARM.ActiveCfg = Debug|Any CPU
		{7AF5C656-5C65-4BCD-82DB-B9D030132D77}.net_3_5_Debug|x64.ActiveCfg = Debug|Any CPU
		{7AF5C656-5C65-4BCD-82DB-B9D030132D77}.net_3_5_Debug|x86.ActiveCfg = Debug|Any CPU
		{7AF5C656-5C65-4BCD-82DB-B9D030132D77}.net_3_5_Release|Any CPU.ActiveCfg = Release|Any CPU
		{7AF5C656-5C65-4BCD-82DB-B9D030132D77}.net_3_5_Release|Any CPU.Build.0 = Release|Any CPU
		{7AF5C656-5C65-4BCD-82DB-B9D030132D77}.net_3_5_Release|ARM.ActiveCfg = Release|Any CPU
		{7AF5C656-5C65-4BCD-82DB-B9D030132D77}.net_3_5_Release|x64.ActiveCfg = Release|Any CPU
		{7AF5C656-5C65-4BCD-82DB-B9D030132D77}.net_3_5_Release|x86.ActiveCfg = Release|Any CPU
		{7AF5C656-5C65-4BCD-82DB-B9D030132D77}.net_4_0_Debug|Any CPU.ActiveCfg = Debug|Any CPU
		{7AF5C656-5C65-4BCD-82DB-B9D030132D77}.net_4_0_Debug|Any CPU.Build.0 = Debug|Any CPU
		{7AF5C656-5C65-4BCD-82DB-B9D030132D77}.net_4_0_Debug|ARM.ActiveCfg = Debug|Any CPU
		{7AF5C656-5C65-4BCD-82DB-B9D030132D77}.net_4_0_Debug|x64.ActiveCfg = Debug|Any CPU
		{7AF5C656-5C65-4BCD-82DB-B9D030132D77}.net_4_0_Debug|x86.ActiveCfg = Debug|Any CPU
		{7AF5C656-5C65-4BCD-82DB-B9D030132D77}.net_4_0_Release|Any CPU.ActiveCfg = Release|Any CPU
		{7AF5C656-5C65-4BCD-82DB-B9D030132D77}.net_4_0_Release|Any CPU.Build.0 = Release|Any CPU
		{7AF5C656-5C65-4BCD-82DB-B9D030132D77}.net_4_0_Release|ARM.ActiveCfg = Release|Any CPU
		{7AF5C656-5C65-4BCD-82DB-B9D030132D77}.net_4_0_Release|x64.ActiveCfg = Release|Any CPU
		{7AF5C656-5C65-4BCD-82DB-B9D030132D77}.net_4_0_Release|x86.ActiveCfg = Release|Any CPU
		{7AF5C656-5C65-4BCD-82DB-B9D030132D77}.Release|Any CPU.ActiveCfg = Release|Any CPU
		{7AF5C656-5C65-4BCD-82DB-B9D030132D77}.Release|Any CPU.Build.0 = Release|Any CPU
		{7AF5C656-5C65-4BCD-82DB-B9D030132D77}.Release|ARM.ActiveCfg = Release|Any CPU
		{7AF5C656-5C65-4BCD-82DB-B9D030132D77}.Release|x64.ActiveCfg = Release|Any CPU
		{7AF5C656-5C65-4BCD-82DB-B9D030132D77}.Release|x86.ActiveCfg = Release|Any CPU
		{7AF5C656-5C65-4BCD-82DB-B9D030132D77}.silverlight_Debug|Any CPU.ActiveCfg = Debug|Any CPU
		{7AF5C656-5C65-4BCD-82DB-B9D030132D77}.silverlight_Debug|Any CPU.Build.0 = Debug|Any CPU
		{7AF5C656-5C65-4BCD-82DB-B9D030132D77}.silverlight_Debug|ARM.ActiveCfg = Debug|Any CPU
		{7AF5C656-5C65-4BCD-82DB-B9D030132D77}.silverlight_Debug|x64.ActiveCfg = Debug|Any CPU
		{7AF5C656-5C65-4BCD-82DB-B9D030132D77}.silverlight_Debug|x86.ActiveCfg = Debug|Any CPU
		{7AF5C656-5C65-4BCD-82DB-B9D030132D77}.silverlight_Release|Any CPU.ActiveCfg = Release|Any CPU
		{7AF5C656-5C65-4BCD-82DB-B9D030132D77}.silverlight_Release|Any CPU.Build.0 = Release|Any CPU
		{7AF5C656-5C65-4BCD-82DB-B9D030132D77}.silverlight_Release|ARM.ActiveCfg = Release|Any CPU
		{7AF5C656-5C65-4BCD-82DB-B9D030132D77}.silverlight_Release|x64.ActiveCfg = Release|Any CPU
		{7AF5C656-5C65-4BCD-82DB-B9D030132D77}.silverlight_Release|x86.ActiveCfg = Release|Any CPU
		{7AF5C656-5C65-4BCD-82DB-B9D030132D77}.winphone_Debug|Any CPU.ActiveCfg = Debug|Any CPU
		{7AF5C656-5C65-4BCD-82DB-B9D030132D77}.winphone_Debug|Any CPU.Build.0 = Debug|Any CPU
		{7AF5C656-5C65-4BCD-82DB-B9D030132D77}.winphone_Debug|ARM.ActiveCfg = Debug|Any CPU
		{7AF5C656-5C65-4BCD-82DB-B9D030132D77}.winphone_Debug|x64.ActiveCfg = Debug|Any CPU
		{7AF5C656-5C65-4BCD-82DB-B9D030132D77}.winphone_Debug|x86.ActiveCfg = Debug|Any CPU
		{7AF5C656-5C65-4BCD-82DB-B9D030132D77}.winphone_Release|Any CPU.ActiveCfg = Release|Any CPU
		{7AF5C656-5C65-4BCD-82DB-B9D030132D77}.winphone_Release|Any CPU.Build.0 = Release|Any CPU
		{7AF5C656-5C65-4BCD-82DB-B9D030132D77}.winphone_Release|ARM.ActiveCfg = Release|Any CPU
		{7AF5C656-5C65-4BCD-82DB-B9D030132D77}.winphone_Release|x64.ActiveCfg = Release|Any CPU
		{7AF5C656-5C65-4BCD-82DB-B9D030132D77}.winphone_Release|x86.ActiveCfg = Release|Any CPU
		{F9E7BF49-0203-4E18-B9D9-9EFFD39F3383}.Debug|Any CPU.ActiveCfg = Debug|Any CPU
		{F9E7BF49-0203-4E18-B9D9-9EFFD39F3383}.Debug|Any CPU.Build.0 = Debug|Any CPU
		{F9E7BF49-0203-4E18-B9D9-9EFFD39F3383}.Debug|ARM.ActiveCfg = Debug|Any CPU
		{F9E7BF49-0203-4E18-B9D9-9EFFD39F3383}.Debug|x64.ActiveCfg = Debug|Any CPU
		{F9E7BF49-0203-4E18-B9D9-9EFFD39F3383}.Debug|x86.ActiveCfg = Debug|Any CPU
		{F9E7BF49-0203-4E18-B9D9-9EFFD39F3383}.net_2_0_Debug|Any CPU.ActiveCfg = Debug|Any CPU
		{F9E7BF49-0203-4E18-B9D9-9EFFD39F3383}.net_2_0_Debug|Any CPU.Build.0 = Debug|Any CPU
		{F9E7BF49-0203-4E18-B9D9-9EFFD39F3383}.net_2_0_Debug|ARM.ActiveCfg = Debug|Any CPU
		{F9E7BF49-0203-4E18-B9D9-9EFFD39F3383}.net_2_0_Debug|x64.ActiveCfg = Debug|Any CPU
		{F9E7BF49-0203-4E18-B9D9-9EFFD39F3383}.net_2_0_Debug|x86.ActiveCfg = Debug|Any CPU
		{F9E7BF49-0203-4E18-B9D9-9EFFD39F3383}.net_2_0_Release|Any CPU.ActiveCfg = Release|Any CPU
		{F9E7BF49-0203-4E18-B9D9-9EFFD39F3383}.net_2_0_Release|Any CPU.Build.0 = Release|Any CPU
		{F9E7BF49-0203-4E18-B9D9-9EFFD39F3383}.net_2_0_Release|ARM.ActiveCfg = Release|Any CPU
		{F9E7BF49-0203-4E18-B9D9-9EFFD39F3383}.net_2_0_Release|x64.ActiveCfg = Release|Any CPU
		{F9E7BF49-0203-4E18-B9D9-9EFFD39F3383}.net_2_0_Release|x86.ActiveCfg = Release|Any CPU
		{F9E7BF49-0203-4E18-B9D9-9EFFD39F3383}.net_3_5_Debug|Any CPU.ActiveCfg = Debug|Any CPU
		{F9E7BF49-0203-4E18-B9D9-9EFFD39F3383}.net_3_5_Debug|Any CPU.Build.0 = Debug|Any CPU
		{F9E7BF49-0203-4E18-B9D9-9EFFD39F3383}.net_3_5_Debug|ARM.ActiveCfg = Debug|Any CPU
		{F9E7BF49-0203-4E18-B9D9-9EFFD39F3383}.net_3_5_Debug|x64.ActiveCfg = Debug|Any CPU
		{F9E7BF49-0203-4E18-B9D9-9EFFD39F3383}.net_3_5_Debug|x86.ActiveCfg = Debug|Any CPU
		{F9E7BF49-0203-4E18-B9D9-9EFFD39F3383}.net_3_5_Release|Any CPU.ActiveCfg = Release|Any CPU
		{F9E7BF49-0203-4E18-B9D9-9EFFD39F3383}.net_3_5_Release|Any CPU.Build.0 = Release|Any CPU
		{F9E7BF49-0203-4E18-B9D9-9EFFD39F3383}.net_3_5_Release|ARM.ActiveCfg = Release|Any CPU
		{F9E7BF49-0203-4E18-B9D9-9EFFD39F3383}.net_3_5_Release|x64.ActiveCfg = Release|Any CPU
		{F9E7BF49-0203-4E18-B9D9-9EFFD39F3383}.net_3_5_Release|x86.ActiveCfg = Release|Any CPU
		{F9E7BF49-0203-4E18-B9D9-9EFFD39F3383}.net_4_0_Debug|Any CPU.ActiveCfg = Debug|Any CPU
		{F9E7BF49-0203-4E18-B9D9-9EFFD39F3383}.net_4_0_Debug|Any CPU.Build.0 = Debug|Any CPU
		{F9E7BF49-0203-4E18-B9D9-9EFFD39F3383}.net_4_0_Debug|ARM.ActiveCfg = Debug|Any CPU
		{F9E7BF49-0203-4E18-B9D9-9EFFD39F3383}.net_4_0_Debug|x64.ActiveCfg = Debug|Any CPU
		{F9E7BF49-0203-4E18-B9D9-9EFFD39F3383}.net_4_0_Debug|x86.ActiveCfg = Debug|Any CPU
		{F9E7BF49-0203-4E18-B9D9-9EFFD39F3383}.net_4_0_Release|Any CPU.ActiveCfg = Release|Any CPU
		{F9E7BF49-0203-4E18-B9D9-9EFFD39F3383}.net_4_0_Release|Any CPU.Build.0 = Release|Any CPU
		{F9E7BF49-0203-4E18-B9D9-9EFFD39F3383}.net_4_0_Release|ARM.ActiveCfg = Release|Any CPU
		{F9E7BF49-0203-4E18-B9D9-9EFFD39F3383}.net_4_0_Release|x64.ActiveCfg = Release|Any CPU
		{F9E7BF49-0203-4E18-B9D9-9EFFD39F3383}.net_4_0_Release|x86.ActiveCfg = Release|Any CPU
		{F9E7BF49-0203-4E18-B9D9-9EFFD39F3383}.Release|Any CPU.ActiveCfg = Release|Any CPU
		{F9E7BF49-0203-4E18-B9D9-9EFFD39F3383}.Release|Any CPU.Build.0 = Release|Any CPU
		{F9E7BF49-0203-4E18-B9D9-9EFFD39F3383}.Release|ARM.ActiveCfg = Release|Any CPU
		{F9E7BF49-0203-4E18-B9D9-9EFFD39F3383}.Release|x64.ActiveCfg = Release|Any CPU
		{F9E7BF49-0203-4E18-B9D9-9EFFD39F3383}.Release|x86.ActiveCfg = Release|Any CPU
		{F9E7BF49-0203-4E18-B9D9-9EFFD39F3383}.silverlight_Debug|Any CPU.ActiveCfg = Debug|Any CPU
		{F9E7BF49-0203-4E18-B9D9-9EFFD39F3383}.silverlight_Debug|Any CPU.Build.0 = Debug|Any CPU
		{F9E7BF49-0203-4E18-B9D9-9EFFD39F3383}.silverlight_Debug|ARM.ActiveCfg = Debug|Any CPU
		{F9E7BF49-0203-4E18-B9D9-9EFFD39F3383}.silverlight_Debug|x64.ActiveCfg = Debug|Any CPU
		{F9E7BF49-0203-4E18-B9D9-9EFFD39F3383}.silverlight_Debug|x86.ActiveCfg = Debug|Any CPU
		{F9E7BF49-0203-4E18-B9D9-9EFFD39F3383}.silverlight_Release|Any CPU.ActiveCfg = Release|Any CPU
		{F9E7BF49-0203-4E18-B9D9-9EFFD39F3383}.silverlight_Release|Any CPU.Build.0 = Release|Any CPU
		{F9E7BF49-0203-4E18-B9D9-9EFFD39F3383}.silverlight_Release|ARM.ActiveCfg = Release|Any CPU
		{F9E7BF49-0203-4E18-B9D9-9EFFD39F3383}.silverlight_Release|x64.ActiveCfg = Release|Any CPU
		{F9E7BF49-0203-4E18-B9D9-9EFFD39F3383}.silverlight_Release|x86.ActiveCfg = Release|Any CPU
		{F9E7BF49-0203-4E18-B9D9-9EFFD39F3383}.winphone_Debug|Any CPU.ActiveCfg = Debug|Any CPU
		{F9E7BF49-0203-4E18-B9D9-9EFFD39F3383}.winphone_Debug|Any CPU.Build.0 = Debug|Any CPU
		{F9E7BF49-0203-4E18-B9D9-9EFFD39F3383}.winphone_Debug|ARM.ActiveCfg = Debug|Any CPU
		{F9E7BF49-0203-4E18-B9D9-9EFFD39F3383}.winphone_Debug|x64.ActiveCfg = Debug|Any CPU
		{F9E7BF49-0203-4E18-B9D9-9EFFD39F3383}.winphone_Debug|x86.ActiveCfg = Debug|Any CPU
		{F9E7BF49-0203-4E18-B9D9-9EFFD39F3383}.winphone_Release|Any CPU.ActiveCfg = Release|Any CPU
		{F9E7BF49-0203-4E18-B9D9-9EFFD39F3383}.winphone_Release|Any CPU.Build.0 = Release|Any CPU
		{F9E7BF49-0203-4E18-B9D9-9EFFD39F3383}.winphone_Release|ARM.ActiveCfg = Release|Any CPU
		{F9E7BF49-0203-4E18-B9D9-9EFFD39F3383}.winphone_Release|x64.ActiveCfg = Release|Any CPU
		{F9E7BF49-0203-4E18-B9D9-9EFFD39F3383}.winphone_Release|x86.ActiveCfg = Release|Any CPU
		{71ED97F9-218B-4C59-B6CC-E7F2659E00B9}.Debug|Any CPU.ActiveCfg = Debug|Any CPU
		{71ED97F9-218B-4C59-B6CC-E7F2659E00B9}.Debug|Any CPU.Build.0 = Debug|Any CPU
		{71ED97F9-218B-4C59-B6CC-E7F2659E00B9}.Debug|ARM.ActiveCfg = Debug|Any CPU
		{71ED97F9-218B-4C59-B6CC-E7F2659E00B9}.Debug|x64.ActiveCfg = Debug|Any CPU
		{71ED97F9-218B-4C59-B6CC-E7F2659E00B9}.Debug|x86.ActiveCfg = Debug|Any CPU
		{71ED97F9-218B-4C59-B6CC-E7F2659E00B9}.net_2_0_Debug|Any CPU.ActiveCfg = Debug|Any CPU
		{71ED97F9-218B-4C59-B6CC-E7F2659E00B9}.net_2_0_Debug|Any CPU.Build.0 = Debug|Any CPU
		{71ED97F9-218B-4C59-B6CC-E7F2659E00B9}.net_2_0_Debug|ARM.ActiveCfg = Debug|Any CPU
		{71ED97F9-218B-4C59-B6CC-E7F2659E00B9}.net_2_0_Debug|x64.ActiveCfg = Debug|Any CPU
		{71ED97F9-218B-4C59-B6CC-E7F2659E00B9}.net_2_0_Debug|x86.ActiveCfg = Debug|Any CPU
		{71ED97F9-218B-4C59-B6CC-E7F2659E00B9}.net_2_0_Release|Any CPU.ActiveCfg = Release|Any CPU
		{71ED97F9-218B-4C59-B6CC-E7F2659E00B9}.net_2_0_Release|Any CPU.Build.0 = Release|Any CPU
		{71ED97F9-218B-4C59-B6CC-E7F2659E00B9}.net_2_0_Release|ARM.ActiveCfg = Release|Any CPU
		{71ED97F9-218B-4C59-B6CC-E7F2659E00B9}.net_2_0_Release|x64.ActiveCfg = Release|Any CPU
		{71ED97F9-218B-4C59-B6CC-E7F2659E00B9}.net_2_0_Release|x86.ActiveCfg = Release|Any CPU
		{71ED97F9-218B-4C59-B6CC-E7F2659E00B9}.net_3_5_Debug|Any CPU.ActiveCfg = Debug|Any CPU
		{71ED97F9-218B-4C59-B6CC-E7F2659E00B9}.net_3_5_Debug|Any CPU.Build.0 = Debug|Any CPU
		{71ED97F9-218B-4C59-B6CC-E7F2659E00B9}.net_3_5_Debug|ARM.ActiveCfg = Debug|Any CPU
		{71ED97F9-218B-4C59-B6CC-E7F2659E00B9}.net_3_5_Debug|x64.ActiveCfg = Debug|Any CPU
		{71ED97F9-218B-4C59-B6CC-E7F2659E00B9}.net_3_5_Debug|x86.ActiveCfg = Debug|Any CPU
		{71ED97F9-218B-4C59-B6CC-E7F2659E00B9}.net_3_5_Release|Any CPU.ActiveCfg = Release|Any CPU
		{71ED97F9-218B-4C59-B6CC-E7F2659E00B9}.net_3_5_Release|Any CPU.Build.0 = Release|Any CPU
		{71ED97F9-218B-4C59-B6CC-E7F2659E00B9}.net_3_5_Release|ARM.ActiveCfg = Release|Any CPU
		{71ED97F9-218B-4C59-B6CC-E7F2659E00B9}.net_3_5_Release|x64.ActiveCfg = Release|Any CPU
		{71ED97F9-218B-4C59-B6CC-E7F2659E00B9}.net_3_5_Release|x86.ActiveCfg = Release|Any CPU
		{71ED97F9-218B-4C59-B6CC-E7F2659E00B9}.net_4_0_Debug|Any CPU.ActiveCfg = Debug|Any CPU
		{71ED97F9-218B-4C59-B6CC-E7F2659E00B9}.net_4_0_Debug|Any CPU.Build.0 = Debug|Any CPU
		{71ED97F9-218B-4C59-B6CC-E7F2659E00B9}.net_4_0_Debug|ARM.ActiveCfg = Debug|Any CPU
		{71ED97F9-218B-4C59-B6CC-E7F2659E00B9}.net_4_0_Debug|x64.ActiveCfg = Debug|Any CPU
		{71ED97F9-218B-4C59-B6CC-E7F2659E00B9}.net_4_0_Debug|x86.ActiveCfg = Debug|Any CPU
		{71ED97F9-218B-4C59-B6CC-E7F2659E00B9}.net_4_0_Release|Any CPU.ActiveCfg = Release|Any CPU
		{71ED97F9-218B-4C59-B6CC-E7F2659E00B9}.net_4_0_Release|Any CPU.Build.0 = Release|Any CPU
		{71ED97F9-218B-4C59-B6CC-E7F2659E00B9}.net_4_0_Release|ARM.ActiveCfg = Release|Any CPU
		{71ED97F9-218B-4C59-B6CC-E7F2659E00B9}.net_4_0_Release|x64.ActiveCfg = Release|Any CPU
		{71ED97F9-218B-4C59-B6CC-E7F2659E00B9}.net_4_0_Release|x86.ActiveCfg = Release|Any CPU
		{71ED97F9-218B-4C59-B6CC-E7F2659E00B9}.Release|Any CPU.ActiveCfg = Release|Any CPU
		{71ED97F9-218B-4C59-B6CC-E7F2659E00B9}.Release|Any CPU.Build.0 = Release|Any CPU
		{71ED97F9-218B-4C59-B6CC-E7F2659E00B9}.Release|ARM.ActiveCfg = Release|Any CPU
		{71ED97F9-218B-4C59-B6CC-E7F2659E00B9}.Release|x64.ActiveCfg = Release|Any CPU
		{71ED97F9-218B-4C59-B6CC-E7F2659E00B9}.Release|x86.ActiveCfg = Release|Any CPU
		{71ED97F9-218B-4C59-B6CC-E7F2659E00B9}.silverlight_Debug|Any CPU.ActiveCfg = Debug|Any CPU
		{71ED97F9-218B-4C59-B6CC-E7F2659E00B9}.silverlight_Debug|Any CPU.Build.0 = Debug|Any CPU
		{71ED97F9-218B-4C59-B6CC-E7F2659E00B9}.silverlight_Debug|ARM.ActiveCfg = Debug|Any CPU
		{71ED97F9-218B-4C59-B6CC-E7F2659E00B9}.silverlight_Debug|x64.ActiveCfg = Debug|Any CPU
		{71ED97F9-218B-4C59-B6CC-E7F2659E00B9}.silverlight_Debug|x86.ActiveCfg = Debug|Any CPU
		{71ED97F9-218B-4C59-B6CC-E7F2659E00B9}.silverlight_Release|Any CPU.ActiveCfg = Release|Any CPU
		{71ED97F9-218B-4C59-B6CC-E7F2659E00B9}.silverlight_Release|Any CPU.Build.0 = Release|Any CPU
		{71ED97F9-218B-4C59-B6CC-E7F2659E00B9}.silverlight_Release|ARM.ActiveCfg = Release|Any CPU
		{71ED97F9-218B-4C59-B6CC-E7F2659E00B9}.silverlight_Release|x64.ActiveCfg = Release|Any CPU
		{71ED97F9-218B-4C59-B6CC-E7F2659E00B9}.silverlight_Release|x86.ActiveCfg = Release|Any CPU
		{71ED97F9-218B-4C59-B6CC-E7F2659E00B9}.winphone_Debug|Any CPU.ActiveCfg = Debug|Any CPU
		{71ED97F9-218B-4C59-B6CC-E7F2659E00B9}.winphone_Debug|Any CPU.Build.0 = Debug|Any CPU
		{71ED97F9-218B-4C59-B6CC-E7F2659E00B9}.winphone_Debug|ARM.ActiveCfg = Debug|Any CPU
		{71ED97F9-218B-4C59-B6CC-E7F2659E00B9}.winphone_Debug|x64.ActiveCfg = Debug|Any CPU
		{71ED97F9-218B-4C59-B6CC-E7F2659E00B9}.winphone_Debug|x86.ActiveCfg = Debug|Any CPU
		{71ED97F9-218B-4C59-B6CC-E7F2659E00B9}.winphone_Release|Any CPU.ActiveCfg = Release|Any CPU
		{71ED97F9-218B-4C59-B6CC-E7F2659E00B9}.winphone_Release|Any CPU.Build.0 = Release|Any CPU
		{71ED97F9-218B-4C59-B6CC-E7F2659E00B9}.winphone_Release|ARM.ActiveCfg = Release|Any CPU
		{71ED97F9-218B-4C59-B6CC-E7F2659E00B9}.winphone_Release|x64.ActiveCfg = Release|Any CPU
		{71ED97F9-218B-4C59-B6CC-E7F2659E00B9}.winphone_Release|x86.ActiveCfg = Release|Any CPU
		{2D20B422-6BB5-4703-A57C-03800515C904}.Debug|Any CPU.ActiveCfg = Debug|Any CPU
		{2D20B422-6BB5-4703-A57C-03800515C904}.Debug|Any CPU.Build.0 = Debug|Any CPU
		{2D20B422-6BB5-4703-A57C-03800515C904}.Debug|ARM.ActiveCfg = Debug|Any CPU
		{2D20B422-6BB5-4703-A57C-03800515C904}.Debug|x64.ActiveCfg = Debug|Any CPU
		{2D20B422-6BB5-4703-A57C-03800515C904}.Debug|x86.ActiveCfg = Debug|Any CPU
		{2D20B422-6BB5-4703-A57C-03800515C904}.net_2_0_Debug|Any CPU.ActiveCfg = Debug|Any CPU
		{2D20B422-6BB5-4703-A57C-03800515C904}.net_2_0_Debug|Any CPU.Build.0 = Debug|Any CPU
		{2D20B422-6BB5-4703-A57C-03800515C904}.net_2_0_Debug|ARM.ActiveCfg = Debug|Any CPU
		{2D20B422-6BB5-4703-A57C-03800515C904}.net_2_0_Debug|x64.ActiveCfg = Debug|Any CPU
		{2D20B422-6BB5-4703-A57C-03800515C904}.net_2_0_Debug|x86.ActiveCfg = Debug|Any CPU
		{2D20B422-6BB5-4703-A57C-03800515C904}.net_2_0_Release|Any CPU.ActiveCfg = Release|Any CPU
		{2D20B422-6BB5-4703-A57C-03800515C904}.net_2_0_Release|Any CPU.Build.0 = Release|Any CPU
		{2D20B422-6BB5-4703-A57C-03800515C904}.net_2_0_Release|ARM.ActiveCfg = Release|Any CPU
		{2D20B422-6BB5-4703-A57C-03800515C904}.net_2_0_Release|x64.ActiveCfg = Release|Any CPU
		{2D20B422-6BB5-4703-A57C-03800515C904}.net_2_0_Release|x86.ActiveCfg = Release|Any CPU
		{2D20B422-6BB5-4703-A57C-03800515C904}.net_3_5_Debug|Any CPU.ActiveCfg = Debug|Any CPU
		{2D20B422-6BB5-4703-A57C-03800515C904}.net_3_5_Debug|Any CPU.Build.0 = Debug|Any CPU
		{2D20B422-6BB5-4703-A57C-03800515C904}.net_3_5_Debug|ARM.ActiveCfg = Debug|Any CPU
		{2D20B422-6BB5-4703-A57C-03800515C904}.net_3_5_Debug|x64.ActiveCfg = Debug|Any CPU
		{2D20B422-6BB5-4703-A57C-03800515C904}.net_3_5_Debug|x86.ActiveCfg = Debug|Any CPU
		{2D20B422-6BB5-4703-A57C-03800515C904}.net_3_5_Release|Any CPU.ActiveCfg = Release|Any CPU
		{2D20B422-6BB5-4703-A57C-03800515C904}.net_3_5_Release|Any CPU.Build.0 = Release|Any CPU
		{2D20B422-6BB5-4703-A57C-03800515C904}.net_3_5_Release|ARM.ActiveCfg = Release|Any CPU
		{2D20B422-6BB5-4703-A57C-03800515C904}.net_3_5_Release|x64.ActiveCfg = Release|Any CPU
		{2D20B422-6BB5-4703-A57C-03800515C904}.net_3_5_Release|x86.ActiveCfg = Release|Any CPU
		{2D20B422-6BB5-4703-A57C-03800515C904}.net_4_0_Debug|Any CPU.ActiveCfg = Debug|Any CPU
		{2D20B422-6BB5-4703-A57C-03800515C904}.net_4_0_Debug|Any CPU.Build.0 = Debug|Any CPU
		{2D20B422-6BB5-4703-A57C-03800515C904}.net_4_0_Debug|ARM.ActiveCfg = Debug|Any CPU
		{2D20B422-6BB5-4703-A57C-03800515C904}.net_4_0_Debug|x64.ActiveCfg = Debug|Any CPU
		{2D20B422-6BB5-4703-A57C-03800515C904}.net_4_0_Debug|x86.ActiveCfg = Debug|Any CPU
		{2D20B422-6BB5-4703-A57C-03800515C904}.net_4_0_Release|Any CPU.ActiveCfg = Release|Any CPU
		{2D20B422-6BB5-4703-A57C-03800515C904}.net_4_0_Release|Any CPU.Build.0 = Release|Any CPU
		{2D20B422-6BB5-4703-A57C-03800515C904}.net_4_0_Release|ARM.ActiveCfg = Release|Any CPU
		{2D20B422-6BB5-4703-A57C-03800515C904}.net_4_0_Release|x64.ActiveCfg = Release|Any CPU
		{2D20B422-6BB5-4703-A57C-03800515C904}.net_4_0_Release|x86.ActiveCfg = Release|Any CPU
		{2D20B422-6BB5-4703-A57C-03800515C904}.Release|Any CPU.ActiveCfg = Release|Any CPU
		{2D20B422-6BB5-4703-A57C-03800515C904}.Release|Any CPU.Build.0 = Release|Any CPU
		{2D20B422-6BB5-4703-A57C-03800515C904}.Release|ARM.ActiveCfg = Release|Any CPU
		{2D20B422-6BB5-4703-A57C-03800515C904}.Release|x64.ActiveCfg = Release|Any CPU
		{2D20B422-6BB5-4703-A57C-03800515C904}.Release|x86.ActiveCfg = Release|Any CPU
		{2D20B422-6BB5-4703-A57C-03800515C904}.silverlight_Debug|Any CPU.ActiveCfg = Debug|Any CPU
		{2D20B422-6BB5-4703-A57C-03800515C904}.silverlight_Debug|Any CPU.Build.0 = Debug|Any CPU
		{2D20B422-6BB5-4703-A57C-03800515C904}.silverlight_Debug|ARM.ActiveCfg = Debug|Any CPU
		{2D20B422-6BB5-4703-A57C-03800515C904}.silverlight_Debug|x64.ActiveCfg = Debug|Any CPU
		{2D20B422-6BB5-4703-A57C-03800515C904}.silverlight_Debug|x86.ActiveCfg = Debug|Any CPU
		{2D20B422-6BB5-4703-A57C-03800515C904}.silverlight_Release|Any CPU.ActiveCfg = Release|Any CPU
		{2D20B422-6BB5-4703-A57C-03800515C904}.silverlight_Release|Any CPU.Build.0 = Release|Any CPU
		{2D20B422-6BB5-4703-A57C-03800515C904}.silverlight_Release|ARM.ActiveCfg = Release|Any CPU
		{2D20B422-6BB5-4703-A57C-03800515C904}.silverlight_Release|x64.ActiveCfg = Release|Any CPU
		{2D20B422-6BB5-4703-A57C-03800515C904}.silverlight_Release|x86.ActiveCfg = Release|Any CPU
		{2D20B422-6BB5-4703-A57C-03800515C904}.winphone_Debug|Any CPU.ActiveCfg = Debug|Any CPU
		{2D20B422-6BB5-4703-A57C-03800515C904}.winphone_Debug|Any CPU.Build.0 = Debug|Any CPU
		{2D20B422-6BB5-4703-A57C-03800515C904}.winphone_Debug|ARM.ActiveCfg = Debug|Any CPU
		{2D20B422-6BB5-4703-A57C-03800515C904}.winphone_Debug|x64.ActiveCfg = Debug|Any CPU
		{2D20B422-6BB5-4703-A57C-03800515C904}.winphone_Debug|x86.ActiveCfg = Debug|Any CPU
		{2D20B422-6BB5-4703-A57C-03800515C904}.winphone_Release|Any CPU.ActiveCfg = Release|Any CPU
		{2D20B422-6BB5-4703-A57C-03800515C904}.winphone_Release|Any CPU.Build.0 = Release|Any CPU
		{2D20B422-6BB5-4703-A57C-03800515C904}.winphone_Release|ARM.ActiveCfg = Release|Any CPU
		{2D20B422-6BB5-4703-A57C-03800515C904}.winphone_Release|x64.ActiveCfg = Release|Any CPU
		{2D20B422-6BB5-4703-A57C-03800515C904}.winphone_Release|x86.ActiveCfg = Release|Any CPU
		{D3785D8B-4D85-4546-8763-47FC848C13E0}.Debug|Any CPU.ActiveCfg = Debug|Any CPU
		{D3785D8B-4D85-4546-8763-47FC848C13E0}.Debug|Any CPU.Build.0 = Debug|Any CPU
		{D3785D8B-4D85-4546-8763-47FC848C13E0}.Debug|ARM.ActiveCfg = Debug|Any CPU
		{D3785D8B-4D85-4546-8763-47FC848C13E0}.Debug|x64.ActiveCfg = Debug|Any CPU
		{D3785D8B-4D85-4546-8763-47FC848C13E0}.Debug|x86.ActiveCfg = Debug|Any CPU
		{D3785D8B-4D85-4546-8763-47FC848C13E0}.net_2_0_Debug|Any CPU.ActiveCfg = Debug|Any CPU
		{D3785D8B-4D85-4546-8763-47FC848C13E0}.net_2_0_Debug|Any CPU.Build.0 = Debug|Any CPU
		{D3785D8B-4D85-4546-8763-47FC848C13E0}.net_2_0_Debug|ARM.ActiveCfg = Debug|Any CPU
		{D3785D8B-4D85-4546-8763-47FC848C13E0}.net_2_0_Debug|x64.ActiveCfg = Debug|Any CPU
		{D3785D8B-4D85-4546-8763-47FC848C13E0}.net_2_0_Debug|x86.ActiveCfg = Debug|Any CPU
		{D3785D8B-4D85-4546-8763-47FC848C13E0}.net_2_0_Release|Any CPU.ActiveCfg = Release|Any CPU
		{D3785D8B-4D85-4546-8763-47FC848C13E0}.net_2_0_Release|Any CPU.Build.0 = Release|Any CPU
		{D3785D8B-4D85-4546-8763-47FC848C13E0}.net_2_0_Release|ARM.ActiveCfg = Release|Any CPU
		{D3785D8B-4D85-4546-8763-47FC848C13E0}.net_2_0_Release|x64.ActiveCfg = Release|Any CPU
		{D3785D8B-4D85-4546-8763-47FC848C13E0}.net_2_0_Release|x86.ActiveCfg = Release|Any CPU
		{D3785D8B-4D85-4546-8763-47FC848C13E0}.net_3_5_Debug|Any CPU.ActiveCfg = Debug|Any CPU
		{D3785D8B-4D85-4546-8763-47FC848C13E0}.net_3_5_Debug|Any CPU.Build.0 = Debug|Any CPU
		{D3785D8B-4D85-4546-8763-47FC848C13E0}.net_3_5_Debug|ARM.ActiveCfg = Debug|Any CPU
		{D3785D8B-4D85-4546-8763-47FC848C13E0}.net_3_5_Debug|x64.ActiveCfg = Debug|Any CPU
		{D3785D8B-4D85-4546-8763-47FC848C13E0}.net_3_5_Debug|x86.ActiveCfg = Debug|Any CPU
		{D3785D8B-4D85-4546-8763-47FC848C13E0}.net_3_5_Release|Any CPU.ActiveCfg = Release|Any CPU
		{D3785D8B-4D85-4546-8763-47FC848C13E0}.net_3_5_Release|Any CPU.Build.0 = Release|Any CPU
		{D3785D8B-4D85-4546-8763-47FC848C13E0}.net_3_5_Release|ARM.ActiveCfg = Release|Any CPU
		{D3785D8B-4D85-4546-8763-47FC848C13E0}.net_3_5_Release|x64.ActiveCfg = Release|Any CPU
		{D3785D8B-4D85-4546-8763-47FC848C13E0}.net_3_5_Release|x86.ActiveCfg = Release|Any CPU
		{D3785D8B-4D85-4546-8763-47FC848C13E0}.net_4_0_Debug|Any CPU.ActiveCfg = Debug|Any CPU
		{D3785D8B-4D85-4546-8763-47FC848C13E0}.net_4_0_Debug|Any CPU.Build.0 = Debug|Any CPU
		{D3785D8B-4D85-4546-8763-47FC848C13E0}.net_4_0_Debug|ARM.ActiveCfg = Debug|Any CPU
		{D3785D8B-4D85-4546-8763-47FC848C13E0}.net_4_0_Debug|x64.ActiveCfg = Debug|Any CPU
		{D3785D8B-4D85-4546-8763-47FC848C13E0}.net_4_0_Debug|x86.ActiveCfg = Debug|Any CPU
		{D3785D8B-4D85-4546-8763-47FC848C13E0}.net_4_0_Release|Any CPU.ActiveCfg = Release|Any CPU
		{D3785D8B-4D85-4546-8763-47FC848C13E0}.net_4_0_Release|Any CPU.Build.0 = Release|Any CPU
		{D3785D8B-4D85-4546-8763-47FC848C13E0}.net_4_0_Release|ARM.ActiveCfg = Release|Any CPU
		{D3785D8B-4D85-4546-8763-47FC848C13E0}.net_4_0_Release|x64.ActiveCfg = Release|Any CPU
		{D3785D8B-4D85-4546-8763-47FC848C13E0}.net_4_0_Release|x86.ActiveCfg = Release|Any CPU
		{D3785D8B-4D85-4546-8763-47FC848C13E0}.Release|Any CPU.ActiveCfg = Release|Any CPU
		{D3785D8B-4D85-4546-8763-47FC848C13E0}.Release|Any CPU.Build.0 = Release|Any CPU
		{D3785D8B-4D85-4546-8763-47FC848C13E0}.Release|ARM.ActiveCfg = Release|Any CPU
		{D3785D8B-4D85-4546-8763-47FC848C13E0}.Release|x64.ActiveCfg = Release|Any CPU
		{D3785D8B-4D85-4546-8763-47FC848C13E0}.Release|x86.ActiveCfg = Release|Any CPU
		{D3785D8B-4D85-4546-8763-47FC848C13E0}.silverlight_Debug|Any CPU.ActiveCfg = Debug|Any CPU
		{D3785D8B-4D85-4546-8763-47FC848C13E0}.silverlight_Debug|Any CPU.Build.0 = Debug|Any CPU
		{D3785D8B-4D85-4546-8763-47FC848C13E0}.silverlight_Debug|ARM.ActiveCfg = Debug|Any CPU
		{D3785D8B-4D85-4546-8763-47FC848C13E0}.silverlight_Debug|x64.ActiveCfg = Debug|Any CPU
		{D3785D8B-4D85-4546-8763-47FC848C13E0}.silverlight_Debug|x86.ActiveCfg = Debug|Any CPU
		{D3785D8B-4D85-4546-8763-47FC848C13E0}.silverlight_Release|Any CPU.ActiveCfg = Release|Any CPU
		{D3785D8B-4D85-4546-8763-47FC848C13E0}.silverlight_Release|Any CPU.Build.0 = Release|Any CPU
		{D3785D8B-4D85-4546-8763-47FC848C13E0}.silverlight_Release|ARM.ActiveCfg = Release|Any CPU
		{D3785D8B-4D85-4546-8763-47FC848C13E0}.silverlight_Release|x64.ActiveCfg = Release|Any CPU
		{D3785D8B-4D85-4546-8763-47FC848C13E0}.silverlight_Release|x86.ActiveCfg = Release|Any CPU
		{D3785D8B-4D85-4546-8763-47FC848C13E0}.winphone_Debug|Any CPU.ActiveCfg = Debug|Any CPU
		{D3785D8B-4D85-4546-8763-47FC848C13E0}.winphone_Debug|Any CPU.Build.0 = Debug|Any CPU
		{D3785D8B-4D85-4546-8763-47FC848C13E0}.winphone_Debug|ARM.ActiveCfg = Debug|Any CPU
		{D3785D8B-4D85-4546-8763-47FC848C13E0}.winphone_Debug|x64.ActiveCfg = Debug|Any CPU
		{D3785D8B-4D85-4546-8763-47FC848C13E0}.winphone_Debug|x86.ActiveCfg = Debug|Any CPU
		{D3785D8B-4D85-4546-8763-47FC848C13E0}.winphone_Release|Any CPU.ActiveCfg = Release|Any CPU
		{D3785D8B-4D85-4546-8763-47FC848C13E0}.winphone_Release|Any CPU.Build.0 = Release|Any CPU
		{D3785D8B-4D85-4546-8763-47FC848C13E0}.winphone_Release|ARM.ActiveCfg = Release|Any CPU
		{D3785D8B-4D85-4546-8763-47FC848C13E0}.winphone_Release|x64.ActiveCfg = Release|Any CPU
		{D3785D8B-4D85-4546-8763-47FC848C13E0}.winphone_Release|x86.ActiveCfg = Release|Any CPU
		{CEA7A85F-2523-4AD0-8296-6E8E0A2E6DF7}.Debug|Any CPU.ActiveCfg = Debug|Any CPU
		{CEA7A85F-2523-4AD0-8296-6E8E0A2E6DF7}.Debug|Any CPU.Build.0 = Debug|Any CPU
		{CEA7A85F-2523-4AD0-8296-6E8E0A2E6DF7}.Debug|ARM.ActiveCfg = Debug|Any CPU
		{CEA7A85F-2523-4AD0-8296-6E8E0A2E6DF7}.Debug|x64.ActiveCfg = Debug|Any CPU
		{CEA7A85F-2523-4AD0-8296-6E8E0A2E6DF7}.Debug|x86.ActiveCfg = Debug|Any CPU
		{CEA7A85F-2523-4AD0-8296-6E8E0A2E6DF7}.net_2_0_Debug|Any CPU.ActiveCfg = Debug|Any CPU
		{CEA7A85F-2523-4AD0-8296-6E8E0A2E6DF7}.net_2_0_Debug|Any CPU.Build.0 = Debug|Any CPU
		{CEA7A85F-2523-4AD0-8296-6E8E0A2E6DF7}.net_2_0_Debug|ARM.ActiveCfg = Debug|Any CPU
		{CEA7A85F-2523-4AD0-8296-6E8E0A2E6DF7}.net_2_0_Debug|x64.ActiveCfg = Debug|Any CPU
		{CEA7A85F-2523-4AD0-8296-6E8E0A2E6DF7}.net_2_0_Debug|x86.ActiveCfg = Debug|Any CPU
		{CEA7A85F-2523-4AD0-8296-6E8E0A2E6DF7}.net_2_0_Release|Any CPU.ActiveCfg = Release|Any CPU
		{CEA7A85F-2523-4AD0-8296-6E8E0A2E6DF7}.net_2_0_Release|Any CPU.Build.0 = Release|Any CPU
		{CEA7A85F-2523-4AD0-8296-6E8E0A2E6DF7}.net_2_0_Release|ARM.ActiveCfg = Release|Any CPU
		{CEA7A85F-2523-4AD0-8296-6E8E0A2E6DF7}.net_2_0_Release|x64.ActiveCfg = Release|Any CPU
		{CEA7A85F-2523-4AD0-8296-6E8E0A2E6DF7}.net_2_0_Release|x86.ActiveCfg = Release|Any CPU
		{CEA7A85F-2523-4AD0-8296-6E8E0A2E6DF7}.net_3_5_Debug|Any CPU.ActiveCfg = Debug|Any CPU
		{CEA7A85F-2523-4AD0-8296-6E8E0A2E6DF7}.net_3_5_Debug|Any CPU.Build.0 = Debug|Any CPU
		{CEA7A85F-2523-4AD0-8296-6E8E0A2E6DF7}.net_3_5_Debug|ARM.ActiveCfg = Debug|Any CPU
		{CEA7A85F-2523-4AD0-8296-6E8E0A2E6DF7}.net_3_5_Debug|x64.ActiveCfg = Debug|Any CPU
		{CEA7A85F-2523-4AD0-8296-6E8E0A2E6DF7}.net_3_5_Debug|x86.ActiveCfg = Debug|Any CPU
		{CEA7A85F-2523-4AD0-8296-6E8E0A2E6DF7}.net_3_5_Release|Any CPU.ActiveCfg = Release|Any CPU
		{CEA7A85F-2523-4AD0-8296-6E8E0A2E6DF7}.net_3_5_Release|Any CPU.Build.0 = Release|Any CPU
		{CEA7A85F-2523-4AD0-8296-6E8E0A2E6DF7}.net_3_5_Release|ARM.ActiveCfg = Release|Any CPU
		{CEA7A85F-2523-4AD0-8296-6E8E0A2E6DF7}.net_3_5_Release|x64.ActiveCfg = Release|Any CPU
		{CEA7A85F-2523-4AD0-8296-6E8E0A2E6DF7}.net_3_5_Release|x86.ActiveCfg = Release|Any CPU
		{CEA7A85F-2523-4AD0-8296-6E8E0A2E6DF7}.net_4_0_Debug|Any CPU.ActiveCfg = Debug|Any CPU
		{CEA7A85F-2523-4AD0-8296-6E8E0A2E6DF7}.net_4_0_Debug|Any CPU.Build.0 = Debug|Any CPU
		{CEA7A85F-2523-4AD0-8296-6E8E0A2E6DF7}.net_4_0_Debug|ARM.ActiveCfg = Debug|Any CPU
		{CEA7A85F-2523-4AD0-8296-6E8E0A2E6DF7}.net_4_0_Debug|x64.ActiveCfg = Debug|Any CPU
		{CEA7A85F-2523-4AD0-8296-6E8E0A2E6DF7}.net_4_0_Debug|x86.ActiveCfg = Debug|Any CPU
		{CEA7A85F-2523-4AD0-8296-6E8E0A2E6DF7}.net_4_0_Release|Any CPU.ActiveCfg = Release|Any CPU
		{CEA7A85F-2523-4AD0-8296-6E8E0A2E6DF7}.net_4_0_Release|Any CPU.Build.0 = Release|Any CPU
		{CEA7A85F-2523-4AD0-8296-6E8E0A2E6DF7}.net_4_0_Release|ARM.ActiveCfg = Release|Any CPU
		{CEA7A85F-2523-4AD0-8296-6E8E0A2E6DF7}.net_4_0_Release|x64.ActiveCfg = Release|Any CPU
		{CEA7A85F-2523-4AD0-8296-6E8E0A2E6DF7}.net_4_0_Release|x86.ActiveCfg = Release|Any CPU
		{CEA7A85F-2523-4AD0-8296-6E8E0A2E6DF7}.Release|Any CPU.ActiveCfg = Release|Any CPU
		{CEA7A85F-2523-4AD0-8296-6E8E0A2E6DF7}.Release|Any CPU.Build.0 = Release|Any CPU
		{CEA7A85F-2523-4AD0-8296-6E8E0A2E6DF7}.Release|ARM.ActiveCfg = Release|Any CPU
		{CEA7A85F-2523-4AD0-8296-6E8E0A2E6DF7}.Release|x64.ActiveCfg = Release|Any CPU
		{CEA7A85F-2523-4AD0-8296-6E8E0A2E6DF7}.Release|x86.ActiveCfg = Release|Any CPU
		{CEA7A85F-2523-4AD0-8296-6E8E0A2E6DF7}.silverlight_Debug|Any CPU.ActiveCfg = Debug|Any CPU
		{CEA7A85F-2523-4AD0-8296-6E8E0A2E6DF7}.silverlight_Debug|Any CPU.Build.0 = Debug|Any CPU
		{CEA7A85F-2523-4AD0-8296-6E8E0A2E6DF7}.silverlight_Debug|ARM.ActiveCfg = Debug|Any CPU
		{CEA7A85F-2523-4AD0-8296-6E8E0A2E6DF7}.silverlight_Debug|x64.ActiveCfg = Debug|Any CPU
		{CEA7A85F-2523-4AD0-8296-6E8E0A2E6DF7}.silverlight_Debug|x86.ActiveCfg = Debug|Any CPU
		{CEA7A85F-2523-4AD0-8296-6E8E0A2E6DF7}.silverlight_Release|Any CPU.ActiveCfg = Release|Any CPU
		{CEA7A85F-2523-4AD0-8296-6E8E0A2E6DF7}.silverlight_Release|Any CPU.Build.0 = Release|Any CPU
		{CEA7A85F-2523-4AD0-8296-6E8E0A2E6DF7}.silverlight_Release|ARM.ActiveCfg = Release|Any CPU
		{CEA7A85F-2523-4AD0-8296-6E8E0A2E6DF7}.silverlight_Release|x64.ActiveCfg = Release|Any CPU
		{CEA7A85F-2523-4AD0-8296-6E8E0A2E6DF7}.silverlight_Release|x86.ActiveCfg = Release|Any CPU
		{CEA7A85F-2523-4AD0-8296-6E8E0A2E6DF7}.winphone_Debug|Any CPU.ActiveCfg = Debug|Any CPU
		{CEA7A85F-2523-4AD0-8296-6E8E0A2E6DF7}.winphone_Debug|Any CPU.Build.0 = Debug|Any CPU
		{CEA7A85F-2523-4AD0-8296-6E8E0A2E6DF7}.winphone_Debug|ARM.ActiveCfg = Debug|Any CPU
		{CEA7A85F-2523-4AD0-8296-6E8E0A2E6DF7}.winphone_Debug|x64.ActiveCfg = Debug|Any CPU
		{CEA7A85F-2523-4AD0-8296-6E8E0A2E6DF7}.winphone_Debug|x86.ActiveCfg = Debug|Any CPU
		{CEA7A85F-2523-4AD0-8296-6E8E0A2E6DF7}.winphone_Release|Any CPU.ActiveCfg = Release|Any CPU
		{CEA7A85F-2523-4AD0-8296-6E8E0A2E6DF7}.winphone_Release|Any CPU.Build.0 = Release|Any CPU
		{CEA7A85F-2523-4AD0-8296-6E8E0A2E6DF7}.winphone_Release|ARM.ActiveCfg = Release|Any CPU
		{CEA7A85F-2523-4AD0-8296-6E8E0A2E6DF7}.winphone_Release|x64.ActiveCfg = Release|Any CPU
		{CEA7A85F-2523-4AD0-8296-6E8E0A2E6DF7}.winphone_Release|x86.ActiveCfg = Release|Any CPU
		{86F36240-E07C-4840-9C8B-9CD94C03EC62}.Debug|Any CPU.ActiveCfg = Debug|Any CPU
		{86F36240-E07C-4840-9C8B-9CD94C03EC62}.Debug|Any CPU.Build.0 = Debug|Any CPU
		{86F36240-E07C-4840-9C8B-9CD94C03EC62}.Debug|ARM.ActiveCfg = Debug|Any CPU
		{86F36240-E07C-4840-9C8B-9CD94C03EC62}.Debug|x64.ActiveCfg = Debug|Any CPU
		{86F36240-E07C-4840-9C8B-9CD94C03EC62}.Debug|x86.ActiveCfg = Debug|Any CPU
		{86F36240-E07C-4840-9C8B-9CD94C03EC62}.net_2_0_Debug|Any CPU.ActiveCfg = Debug|Any CPU
		{86F36240-E07C-4840-9C8B-9CD94C03EC62}.net_2_0_Debug|Any CPU.Build.0 = Debug|Any CPU
		{86F36240-E07C-4840-9C8B-9CD94C03EC62}.net_2_0_Debug|ARM.ActiveCfg = Debug|Any CPU
		{86F36240-E07C-4840-9C8B-9CD94C03EC62}.net_2_0_Debug|x64.ActiveCfg = Debug|Any CPU
		{86F36240-E07C-4840-9C8B-9CD94C03EC62}.net_2_0_Debug|x86.ActiveCfg = Debug|Any CPU
		{86F36240-E07C-4840-9C8B-9CD94C03EC62}.net_2_0_Release|Any CPU.ActiveCfg = Release|Any CPU
		{86F36240-E07C-4840-9C8B-9CD94C03EC62}.net_2_0_Release|Any CPU.Build.0 = Release|Any CPU
		{86F36240-E07C-4840-9C8B-9CD94C03EC62}.net_2_0_Release|ARM.ActiveCfg = Release|Any CPU
		{86F36240-E07C-4840-9C8B-9CD94C03EC62}.net_2_0_Release|x64.ActiveCfg = Release|Any CPU
		{86F36240-E07C-4840-9C8B-9CD94C03EC62}.net_2_0_Release|x86.ActiveCfg = Release|Any CPU
		{86F36240-E07C-4840-9C8B-9CD94C03EC62}.net_3_5_Debug|Any CPU.ActiveCfg = Debug|Any CPU
		{86F36240-E07C-4840-9C8B-9CD94C03EC62}.net_3_5_Debug|Any CPU.Build.0 = Debug|Any CPU
		{86F36240-E07C-4840-9C8B-9CD94C03EC62}.net_3_5_Debug|ARM.ActiveCfg = Debug|Any CPU
		{86F36240-E07C-4840-9C8B-9CD94C03EC62}.net_3_5_Debug|x64.ActiveCfg = Debug|Any CPU
		{86F36240-E07C-4840-9C8B-9CD94C03EC62}.net_3_5_Debug|x86.ActiveCfg = Debug|Any CPU
		{86F36240-E07C-4840-9C8B-9CD94C03EC62}.net_3_5_Release|Any CPU.ActiveCfg = Release|Any CPU
		{86F36240-E07C-4840-9C8B-9CD94C03EC62}.net_3_5_Release|Any CPU.Build.0 = Release|Any CPU
		{86F36240-E07C-4840-9C8B-9CD94C03EC62}.net_3_5_Release|ARM.ActiveCfg = Release|Any CPU
		{86F36240-E07C-4840-9C8B-9CD94C03EC62}.net_3_5_Release|x64.ActiveCfg = Release|Any CPU
		{86F36240-E07C-4840-9C8B-9CD94C03EC62}.net_3_5_Release|x86.ActiveCfg = Release|Any CPU
		{86F36240-E07C-4840-9C8B-9CD94C03EC62}.net_4_0_Debug|Any CPU.ActiveCfg = Debug|Any CPU
		{86F36240-E07C-4840-9C8B-9CD94C03EC62}.net_4_0_Debug|Any CPU.Build.0 = Debug|Any CPU
		{86F36240-E07C-4840-9C8B-9CD94C03EC62}.net_4_0_Debug|ARM.ActiveCfg = Debug|Any CPU
		{86F36240-E07C-4840-9C8B-9CD94C03EC62}.net_4_0_Debug|x64.ActiveCfg = Debug|Any CPU
		{86F36240-E07C-4840-9C8B-9CD94C03EC62}.net_4_0_Debug|x86.ActiveCfg = Debug|Any CPU
		{86F36240-E07C-4840-9C8B-9CD94C03EC62}.net_4_0_Release|Any CPU.ActiveCfg = Release|Any CPU
		{86F36240-E07C-4840-9C8B-9CD94C03EC62}.net_4_0_Release|Any CPU.Build.0 = Release|Any CPU
		{86F36240-E07C-4840-9C8B-9CD94C03EC62}.net_4_0_Release|ARM.ActiveCfg = Release|Any CPU
		{86F36240-E07C-4840-9C8B-9CD94C03EC62}.net_4_0_Release|x64.ActiveCfg = Release|Any CPU
		{86F36240-E07C-4840-9C8B-9CD94C03EC62}.net_4_0_Release|x86.ActiveCfg = Release|Any CPU
		{86F36240-E07C-4840-9C8B-9CD94C03EC62}.Release|Any CPU.ActiveCfg = Release|Any CPU
		{86F36240-E07C-4840-9C8B-9CD94C03EC62}.Release|Any CPU.Build.0 = Release|Any CPU
		{86F36240-E07C-4840-9C8B-9CD94C03EC62}.Release|ARM.ActiveCfg = Release|Any CPU
		{86F36240-E07C-4840-9C8B-9CD94C03EC62}.Release|x64.ActiveCfg = Release|Any CPU
		{86F36240-E07C-4840-9C8B-9CD94C03EC62}.Release|x86.ActiveCfg = Release|Any CPU
		{86F36240-E07C-4840-9C8B-9CD94C03EC62}.silverlight_Debug|Any CPU.ActiveCfg = Debug|Any CPU
		{86F36240-E07C-4840-9C8B-9CD94C03EC62}.silverlight_Debug|Any CPU.Build.0 = Debug|Any CPU
		{86F36240-E07C-4840-9C8B-9CD94C03EC62}.silverlight_Debug|ARM.ActiveCfg = Debug|Any CPU
		{86F36240-E07C-4840-9C8B-9CD94C03EC62}.silverlight_Debug|x64.ActiveCfg = Debug|Any CPU
		{86F36240-E07C-4840-9C8B-9CD94C03EC62}.silverlight_Debug|x86.ActiveCfg = Debug|Any CPU
		{86F36240-E07C-4840-9C8B-9CD94C03EC62}.silverlight_Release|Any CPU.ActiveCfg = Release|Any CPU
		{86F36240-E07C-4840-9C8B-9CD94C03EC62}.silverlight_Release|Any CPU.Build.0 = Release|Any CPU
		{86F36240-E07C-4840-9C8B-9CD94C03EC62}.silverlight_Release|ARM.ActiveCfg = Release|Any CPU
		{86F36240-E07C-4840-9C8B-9CD94C03EC62}.silverlight_Release|x64.ActiveCfg = Release|Any CPU
		{86F36240-E07C-4840-9C8B-9CD94C03EC62}.silverlight_Release|x86.ActiveCfg = Release|Any CPU
		{86F36240-E07C-4840-9C8B-9CD94C03EC62}.winphone_Debug|Any CPU.ActiveCfg = Debug|Any CPU
		{86F36240-E07C-4840-9C8B-9CD94C03EC62}.winphone_Debug|Any CPU.Build.0 = Debug|Any CPU
		{86F36240-E07C-4840-9C8B-9CD94C03EC62}.winphone_Debug|ARM.ActiveCfg = Debug|Any CPU
		{86F36240-E07C-4840-9C8B-9CD94C03EC62}.winphone_Debug|x64.ActiveCfg = Debug|Any CPU
		{86F36240-E07C-4840-9C8B-9CD94C03EC62}.winphone_Debug|x86.ActiveCfg = Debug|Any CPU
		{86F36240-E07C-4840-9C8B-9CD94C03EC62}.winphone_Release|Any CPU.ActiveCfg = Release|Any CPU
		{86F36240-E07C-4840-9C8B-9CD94C03EC62}.winphone_Release|Any CPU.Build.0 = Release|Any CPU
		{86F36240-E07C-4840-9C8B-9CD94C03EC62}.winphone_Release|ARM.ActiveCfg = Release|Any CPU
		{86F36240-E07C-4840-9C8B-9CD94C03EC62}.winphone_Release|x64.ActiveCfg = Release|Any CPU
		{86F36240-E07C-4840-9C8B-9CD94C03EC62}.winphone_Release|x86.ActiveCfg = Release|Any CPU
	EndGlobalSection
	GlobalSection(SolutionProperties) = preSolution
		HideSolutionNode = FALSE
	EndGlobalSection
	GlobalSection(NestedProjects) = preSolution
		{80DEA7F3-C84F-4603-8080-0BA3647588A0} = {20FB6164-D730-4B85-B05A-75A4CC346525}
		{7AF5C656-5C65-4BCD-82DB-B9D030132D77} = {9041CA93-2EB4-48DA-A81A-1B9CD54CF5C4}
		{F9E7BF49-0203-4E18-B9D9-9EFFD39F3383} = {9041CA93-2EB4-48DA-A81A-1B9CD54CF5C4}
		{71ED97F9-218B-4C59-B6CC-E7F2659E00B9} = {94EF76E5-BFE0-48A9-B037-61F1A7EA2092}
		{2D20B422-6BB5-4703-A57C-03800515C904} = {94EF76E5-BFE0-48A9-B037-61F1A7EA2092}
		{D3785D8B-4D85-4546-8763-47FC848C13E0} = {20FB6164-D730-4B85-B05A-75A4CC346525}
		{CEA7A85F-2523-4AD0-8296-6E8E0A2E6DF7} = {20FB6164-D730-4B85-B05A-75A4CC346525}
		{86F36240-E07C-4840-9C8B-9CD94C03EC62} = {20FB6164-D730-4B85-B05A-75A4CC346525}
	EndGlobalSection
EndGlobal
